
Microsoft Visual Studio Solution File, Format Version 12.00
# Visual Studio Version 16
VisualStudioVersion = 16.0.30011.22
MinimumVisualStudioVersion = 10.0.40219.1
Project("{9A19103F-16F7-4668-BE54-9A1E7A4F7556}") = "FootballWordCupScoreBoard", "FootballWordCupScoreBoard\FootballWordCupScoreBoard.csproj", "{72285C1E-B096-482B-BAFF-64A3D3730044}"
EndProject
Project("{9A19103F-16F7-4668-BE54-9A1E7A4F7556}") = "FootballWordCupScoreBoard.UnitTests", "FootballWordCupScoreBoard.UnitTests\FootballWordCupScoreBoard.UnitTests.csproj", "{BD93CDAA-25B3-4963-9F48-A770A77FDD4C}"
EndProject
Project("{FAE04EC0-301F-11D3-BF4B-00C04F79EFBC}") = "FootballWorldCupScoreBoard.IntegrationTests", "FootballWorldCupScoreBoard.IntegrationTests\FootballWorldCupScoreBoard.IntegrationTests.csproj", "{47F69FBE-3251-44D3-89DB-0CF6D58EF060}"
EndProject
Global
	GlobalSection(SolutionConfigurationPlatforms) = preSolution
		Debug|Any CPU = Debug|Any CPU
		Release|Any CPU = Release|Any CPU
	EndGlobalSection
	GlobalSection(ProjectConfigurationPlatforms) = postSolution
		{72285C1E-B096-482B-BAFF-64A3D3730044}.Debug|Any CPU.ActiveCfg = Debug|Any CPU
		{72285C1E-B096-482B-BAFF-64A3D3730044}.Debug|Any CPU.Build.0 = Debug|Any CPU
		{72285C1E-B096-482B-BAFF-64A3D3730044}.Release|Any CPU.ActiveCfg = Release|Any CPU
		{72285C1E-B096-482B-BAFF-64A3D3730044}.Release|Any CPU.Build.0 = Release|Any CPU
		{BD93CDAA-25B3-4963-9F48-A770A77FDD4C}.Debug|Any CPU.ActiveCfg = Debug|Any CPU
		{BD93CDAA-25B3-4963-9F48-A770A77FDD4C}.Debug|Any CPU.Build.0 = Debug|Any CPU
		{BD93CDAA-25B3-4963-9F48-A770A77FDD4C}.Release|Any CPU.ActiveCfg = Release|Any CPU
		{BD93CDAA-25B3-4963-9F48-A770A77FDD4C}.Release|Any CPU.Build.0 = Release|Any CPU
		{47F69FBE-3251-44D3-89DB-0CF6D58EF060}.Debug|Any CPU.ActiveCfg = Debug|Any CPU
		{47F69FBE-3251-44D3-89DB-0CF6D58EF060}.Debug|Any CPU.Build.0 = Debug|Any CPU
		{47F69FBE-3251-44D3-89DB-0CF6D58EF060}.Release|Any CPU.ActiveCfg = Release|Any CPU
		{47F69FBE-3251-44D3-89DB-0CF6D58EF060}.Release|Any CPU.Build.0 = Release|Any CPU
	EndGlobalSection
	GlobalSection(SolutionProperties) = preSolution
		HideSolutionNode = FALSE
	EndGlobalSection
	GlobalSection(ExtensibilityGlobals) = postSolution
		SolutionGuid = {C7576259-84FB-467E-9A18-2104723C458B}
	EndGlobalSection
EndGlobal
